// !$*UTF8*$!
{
	archiveVersion = 1;
	classes = {
	};
	objectVersion = 50;
	objects = {

/* Begin PBXBuildFile section */
		173F36F92498158B00936E8E /* Spinning.swift in Sources */ = {isa = PBXBuildFile; fileRef = 173F36F82498158B00936E8E /* Spinning.swift */; };
		173F36FC24981B4800936E8E /* PaletteChooser.swift in Sources */ = {isa = PBXBuildFile; fileRef = 173F36FA24981A9A00936E8E /* PaletteChooser.swift */; };
		173F36FE24981C6D00936E8E /* EmojiArtDocument+Palette.swift in Sources */ = {isa = PBXBuildFile; fileRef = 173F36FD24981C6D00936E8E /* EmojiArtDocument+Palette.swift */; };
		173F37012498A67A00936E8E /* GridLayout.swift in Sources */ = {isa = PBXBuildFile; fileRef = 173F36FF2498A67A00936E8E /* GridLayout.swift */; };
		173F37022498A67A00936E8E /* Grid.swift in Sources */ = {isa = PBXBuildFile; fileRef = 173F37002498A67A00936E8E /* Grid.swift */; };
		173F37042498AAC100936E8E /* EmojiArtDocumentStore.swift in Sources */ = {isa = PBXBuildFile; fileRef = 173F37032498AAC100936E8E /* EmojiArtDocumentStore.swift */; };
		17686183248F666C0088A6E4 /* AppDelegate.swift in Sources */ = {isa = PBXBuildFile; fileRef = 17686182248F666C0088A6E4 /* AppDelegate.swift */; };
		17686185248F666C0088A6E4 /* SceneDelegate.swift in Sources */ = {isa = PBXBuildFile; fileRef = 17686184248F666C0088A6E4 /* SceneDelegate.swift */; };
		17686189248F66700088A6E4 /* Assets.xcassets in Resources */ = {isa = PBXBuildFile; fileRef = 17686188248F66700088A6E4 /* Assets.xcassets */; };
		1768618C248F66700088A6E4 /* Preview Assets.xcassets in Resources */ = {isa = PBXBuildFile; fileRef = 1768618B248F66700088A6E4 /* Preview Assets.xcassets */; };
		1768618F248F66700088A6E4 /* LaunchScreen.storyboard in Resources */ = {isa = PBXBuildFile; fileRef = 1768618D248F66700088A6E4 /* LaunchScreen.storyboard */; };
		17686197248F670D0088A6E4 /* EmojiArtDocument.swift in Sources */ = {isa = PBXBuildFile; fileRef = 17686196248F670D0088A6E4 /* EmojiArtDocument.swift */; };
		17686198248F686C0088A6E4 /* EmojiArtDocumentView.swift in Sources */ = {isa = PBXBuildFile; fileRef = 17686186248F666C0088A6E4 /* EmojiArtDocumentView.swift */; };
		1768619A248F69E30088A6E4 /* EmojiArt.swift in Sources */ = {isa = PBXBuildFile; fileRef = 17686199248F69E30088A6E4 /* EmojiArt.swift */; };
		1768619E248F6CA70088A6E4 /* EmojiArtExtensions.swift in Sources */ = {isa = PBXBuildFile; fileRef = 1768619D248F6CA70088A6E4 /* EmojiArtExtensions.swift */; };
		176861A1248F89700088A6E4 /* OptionalImage.swift in Sources */ = {isa = PBXBuildFile; fileRef = 176861A0248F89700088A6E4 /* OptionalImage.swift */; };
		176861A3248FB6720088A6E4 /* AnimatableSystemFontModifier.swift in Sources */ = {isa = PBXBuildFile; fileRef = 176861A2248FB6720088A6E4 /* AnimatableSystemFontModifier.swift */; };
		17F9C3DA2498AD2700CDB50D /* EmojiArtDocumentChooser.swift in Sources */ = {isa = PBXBuildFile; fileRef = 17F9C3D92498AD2700CDB50D /* EmojiArtDocumentChooser.swift */; };
		17F9C3DC2498B5F900CDB50D /* EditableText.swift in Sources */ = {isa = PBXBuildFile; fileRef = 17F9C3DB2498B5F900CDB50D /* EditableText.swift */; };
/* End PBXBuildFile section */

/* Begin PBXFileReference section */
		173F36F82498158B00936E8E /* Spinning.swift */ = {isa = PBXFileReference; lastKnownFileType = sourcecode.swift; path = Spinning.swift; sourceTree = "<group>"; };
		173F36FA24981A9A00936E8E /* PaletteChooser.swift */ = {isa = PBXFileReference; lastKnownFileType = sourcecode.swift; path = PaletteChooser.swift; sourceTree = "<group>"; };
		173F36FD24981C6D00936E8E /* EmojiArtDocument+Palette.swift */ = {isa = PBXFileReference; fileEncoding = 4; lastKnownFileType = sourcecode.swift; path = "EmojiArtDocument+Palette.swift"; sourceTree = "<group>"; };
		173F36FF2498A67A00936E8E /* GridLayout.swift */ = {isa = PBXFileReference; fileEncoding = 4; lastKnownFileType = sourcecode.swift; path = GridLayout.swift; sourceTree = "<group>"; };
		173F37002498A67A00936E8E /* Grid.swift */ = {isa = PBXFileReference; fileEncoding = 4; lastKnownFileType = sourcecode.swift; path = Grid.swift; sourceTree = "<group>"; };
		173F37032498AAC100936E8E /* EmojiArtDocumentStore.swift */ = {isa = PBXFileReference; fileEncoding = 4; lastKnownFileType = sourcecode.swift; path = EmojiArtDocumentStore.swift; sourceTree = "<group>"; };
		1768617F248F666C0088A6E4 /* Emoji Art.app */ = {isa = PBXFileReference; explicitFileType = wrapper.application; includeInIndex = 0; path = "Emoji Art.app"; sourceTree = BUILT_PRODUCTS_DIR; };
		17686182248F666C0088A6E4 /* AppDelegate.swift */ = {isa = PBXFileReference; lastKnownFileType = sourcecode.swift; path = AppDelegate.swift; sourceTree = "<group>"; };
		17686184248F666C0088A6E4 /* SceneDelegate.swift */ = {isa = PBXFileReference; lastKnownFileType = sourcecode.swift; path = SceneDelegate.swift; sourceTree = "<group>"; };
		17686186248F666C0088A6E4 /* EmojiArtDocumentView.swift */ = {isa = PBXFileReference; lastKnownFileType = sourcecode.swift; path = EmojiArtDocumentView.swift; sourceTree = "<group>"; };
		17686188248F66700088A6E4 /* Assets.xcassets */ = {isa = PBXFileReference; lastKnownFileType = folder.assetcatalog; path = Assets.xcassets; sourceTree = "<group>"; };
		1768618B248F66700088A6E4 /* Preview Assets.xcassets */ = {isa = PBXFileReference; lastKnownFileType = folder.assetcatalog; path = "Preview Assets.xcassets"; sourceTree = "<group>"; };
		1768618E248F66700088A6E4 /* Base */ = {isa = PBXFileReference; lastKnownFileType = file.storyboard; name = Base; path = Base.lproj/LaunchScreen.storyboard; sourceTree = "<group>"; };
		17686190248F66700088A6E4 /* Info.plist */ = {isa = PBXFileReference; lastKnownFileType = text.plist.xml; path = Info.plist; sourceTree = "<group>"; };
		17686196248F670D0088A6E4 /* EmojiArtDocument.swift */ = {isa = PBXFileReference; lastKnownFileType = sourcecode.swift; path = EmojiArtDocument.swift; sourceTree = "<group>"; };
		17686199248F69E30088A6E4 /* EmojiArt.swift */ = {isa = PBXFileReference; lastKnownFileType = sourcecode.swift; path = EmojiArt.swift; sourceTree = "<group>"; };
		1768619D248F6CA70088A6E4 /* EmojiArtExtensions.swift */ = {isa = PBXFileReference; fileEncoding = 4; lastKnownFileType = sourcecode.swift; path = EmojiArtExtensions.swift; sourceTree = "<group>"; };
		1768619F248F76750088A6E4 /* README.md */ = {isa = PBXFileReference; lastKnownFileType = net.daringfireball.markdown; path = README.md; sourceTree = "<group>"; };
		176861A0248F89700088A6E4 /* OptionalImage.swift */ = {isa = PBXFileReference; lastKnownFileType = sourcecode.swift; path = OptionalImage.swift; sourceTree = "<group>"; };
		176861A2248FB6720088A6E4 /* AnimatableSystemFontModifier.swift */ = {isa = PBXFileReference; fileEncoding = 4; lastKnownFileType = sourcecode.swift; path = AnimatableSystemFontModifier.swift; sourceTree = "<group>"; };
		17F9C3D92498AD2700CDB50D /* EmojiArtDocumentChooser.swift */ = {isa = PBXFileReference; lastKnownFileType = sourcecode.swift; path = EmojiArtDocumentChooser.swift; sourceTree = "<group>"; };
		17F9C3DB2498B5F900CDB50D /* EditableText.swift */ = {isa = PBXFileReference; fileEncoding = 4; lastKnownFileType = sourcecode.swift; path = EditableText.swift; sourceTree = "<group>"; };
/* End PBXFileReference section */

/* Begin PBXFrameworksBuildPhase section */
		1768617C248F666C0088A6E4 /* Frameworks */ = {
			isa = PBXFrameworksBuildPhase;
			buildActionMask = 2147483647;
			files = (
			);
			runOnlyForDeploymentPostprocessing = 0;
		};
/* End PBXFrameworksBuildPhase section */

/* Begin PBXGroup section */
		17686176248F666C0088A6E4 = {
			isa = PBXGroup;
			children = (
				1768619F248F76750088A6E4 /* README.md */,
				17686181248F666C0088A6E4 /* EmojiArt */,
				17686180248F666C0088A6E4 /* Products */,
			);
			sourceTree = "<group>";
		};
		17686180248F666C0088A6E4 /* Products */ = {
			isa = PBXGroup;
			children = (
				1768617F248F666C0088A6E4 /* Emoji Art.app */,
			);
			name = Products;
			sourceTree = "<group>";
		};
		17686181248F666C0088A6E4 /* EmojiArt */ = {
			isa = PBXGroup;
			children = (
				17686182248F666C0088A6E4 /* AppDelegate.swift */,
				17686184248F666C0088A6E4 /* SceneDelegate.swift */,
				17686186248F666C0088A6E4 /* EmojiArtDocumentView.swift */,
				17F9C3D92498AD2700CDB50D /* EmojiArtDocumentChooser.swift */,
				17686196248F670D0088A6E4 /* EmojiArtDocument.swift */,
				173F37032498AAC100936E8E /* EmojiArtDocumentStore.swift */,
				17686199248F69E30088A6E4 /* EmojiArt.swift */,
				173F36FD24981C6D00936E8E /* EmojiArtDocument+Palette.swift */,
				1768619D248F6CA70088A6E4 /* EmojiArtExtensions.swift */,
				17F9C3DB2498B5F900CDB50D /* EditableText.swift */,
				173F36FA24981A9A00936E8E /* PaletteChooser.swift */,
				173F37002498A67A00936E8E /* Grid.swift */,
				173F36FF2498A67A00936E8E /* GridLayout.swift */,
				173F36F82498158B00936E8E /* Spinning.swift */,
				176861A2248FB6720088A6E4 /* AnimatableSystemFontModifier.swift */,
				176861A0248F89700088A6E4 /* OptionalImage.swift */,
				17686188248F66700088A6E4 /* Assets.xcassets */,
				1768618D248F66700088A6E4 /* LaunchScreen.storyboard */,
				17686190248F66700088A6E4 /* Info.plist */,
				1768618A248F66700088A6E4 /* Preview Content */,
			);
			path = EmojiArt;
			sourceTree = "<group>";
		};
		1768618A248F66700088A6E4 /* Preview Content */ = {
			isa = PBXGroup;
			children = (
				1768618B248F66700088A6E4 /* Preview Assets.xcassets */,
			);
			path = "Preview Content";
			sourceTree = "<group>";
		};
/* End PBXGroup section */

/* Begin PBXNativeTarget section */
		1768617E248F666C0088A6E4 /* EmojiArt */ = {
			isa = PBXNativeTarget;
			buildConfigurationList = 17686193248F66700088A6E4 /* Build configuration list for PBXNativeTarget "EmojiArt" */;
			buildPhases = (
				1768617B248F666C0088A6E4 /* Sources */,
				1768617C248F666C0088A6E4 /* Frameworks */,
				1768617D248F666C0088A6E4 /* Resources */,
			);
			buildRules = (
			);
			dependencies = (
			);
			name = EmojiArt;
			productName = EmojiArt;
			productReference = 1768617F248F666C0088A6E4 /* Emoji Art.app */;
			productType = "com.apple.product-type.application";
		};
/* End PBXNativeTarget section */

/* Begin PBXProject section */
		17686177248F666C0088A6E4 /* Project object */ = {
			isa = PBXProject;
			attributes = {
				LastSwiftUpdateCheck = 1150;
				LastUpgradeCheck = 1150;
				ORGANIZATIONNAME = Philipp;
				TargetAttributes = {
					1768617E248F666C0088A6E4 = {
						CreatedOnToolsVersion = 11.5;
					};
				};
			};
			buildConfigurationList = 1768617A248F666C0088A6E4 /* Build configuration list for PBXProject "EmojiArt" */;
			compatibilityVersion = "Xcode 9.3";
			developmentRegion = en;
			hasScannedForEncodings = 0;
			knownRegions = (
				en,
				Base,
			);
			mainGroup = 17686176248F666C0088A6E4;
			productRefGroup = 17686180248F666C0088A6E4 /* Products */;
			projectDirPath = "";
			projectRoot = "";
			targets = (
				1768617E248F666C0088A6E4 /* EmojiArt */,
			);
		};
/* End PBXProject section */

/* Begin PBXResourcesBuildPhase section */
		1768617D248F666C0088A6E4 /* Resources */ = {
			isa = PBXResourcesBuildPhase;
			buildActionMask = 2147483647;
			files = (
				1768618F248F66700088A6E4 /* LaunchScreen.storyboard in Resources */,
				1768618C248F66700088A6E4 /* Preview Assets.xcassets in Resources */,
				17686189248F66700088A6E4 /* Assets.xcassets in Resources */,
			);
			runOnlyForDeploymentPostprocessing = 0;
		};
/* End PBXResourcesBuildPhase section */

/* Begin PBXSourcesBuildPhase section */
		1768617B248F666C0088A6E4 /* Sources */ = {
			isa = PBXSourcesBuildPhase;
			buildActionMask = 2147483647;
			files = (
				173F36FE24981C6D00936E8E /* EmojiArtDocument+Palette.swift in Sources */,
				17686183248F666C0088A6E4 /* AppDelegate.swift in Sources */,
				17686185248F666C0088A6E4 /* SceneDelegate.swift in Sources */,
				173F37012498A67A00936E8E /* GridLayout.swift in Sources */,
				1768619E248F6CA70088A6E4 /* EmojiArtExtensions.swift in Sources */,
				1768619A248F69E30088A6E4 /* EmojiArt.swift in Sources */,
				17686198248F686C0088A6E4 /* EmojiArtDocumentView.swift in Sources */,
				173F37022498A67A00936E8E /* Grid.swift in Sources */,
				176861A1248F89700088A6E4 /* OptionalImage.swift in Sources */,
				173F37042498AAC100936E8E /* EmojiArtDocumentStore.swift in Sources */,
				173F36F92498158B00936E8E /* Spinning.swift in Sources */,
				17F9C3DA2498AD2700CDB50D /* EmojiArtDocumentChooser.swift in Sources */,
				17F9C3DC2498B5F900CDB50D /* EditableText.swift in Sources */,
				176861A3248FB6720088A6E4 /* AnimatableSystemFontModifier.swift in Sources */,
				17686197248F670D0088A6E4 /* EmojiArtDocument.swift in Sources */,
				173F36FC24981B4800936E8E /* PaletteChooser.swift in Sources */,
			);
			runOnlyForDeploymentPostprocessing = 0;
		};
/* End PBXSourcesBuildPhase section */

/* Begin PBXVariantGroup section */
		1768618D248F66700088A6E4 /* LaunchScreen.storyboard */ = {
			isa = PBXVariantGroup;
			children = (
				1768618E248F66700088A6E4 /* Base */,
			);
			name = LaunchScreen.storyboard;
			sourceTree = "<group>";
		};
/* End PBXVariantGroup section */

/* Begin XCBuildConfiguration section */
		17686191248F66700088A6E4 /* Debug */ = {
			isa = XCBuildConfiguration;
			buildSettings = {
				ALWAYS_SEARCH_USER_PATHS = NO;
				CLANG_ANALYZER_NONNULL = YES;
				CLANG_ANALYZER_NUMBER_OBJECT_CONVERSION = YES_AGGRESSIVE;
				CLANG_CXX_LANGUAGE_STANDARD = "gnu++14";
				CLANG_CXX_LIBRARY = "libc++";
				CLANG_ENABLE_MODULES = YES;
				CLANG_ENABLE_OBJC_ARC = YES;
				CLANG_ENABLE_OBJC_WEAK = YES;
				CLANG_WARN_BLOCK_CAPTURE_AUTORELEASING = YES;
				CLANG_WARN_BOOL_CONVERSION = YES;
				CLANG_WARN_COMMA = YES;
				CLANG_WARN_CONSTANT_CONVERSION = YES;
				CLANG_WARN_DEPRECATED_OBJC_IMPLEMENTATIONS = YES;
				CLANG_WARN_DIRECT_OBJC_ISA_USAGE = YES_ERROR;
				CLANG_WARN_DOCUMENTATION_COMMENTS = YES;
				CLANG_WARN_EMPTY_BODY = YES;
				CLANG_WARN_ENUM_CONVERSION = YES;
				CLANG_WARN_INFINITE_RECURSION = YES;
				CLANG_WARN_INT_CONVERSION = YES;
				CLANG_WARN_NON_LITERAL_NULL_CONVERSION = YES;
				CLANG_WARN_OBJC_IMPLICIT_RETAIN_SELF = YES;
				CLANG_WARN_OBJC_LITERAL_CONVERSION = YES;
				CLANG_WARN_OBJC_ROOT_CLASS = YES_ERROR;
				CLANG_WARN_RANGE_LOOP_ANALYSIS = YES;
				CLANG_WARN_STRICT_PROTOTYPES = YES;
				CLANG_WARN_SUSPICIOUS_MOVE = YES;
				CLANG_WARN_UNGUARDED_AVAILABILITY = YES_AGGRESSIVE;
				CLANG_WARN_UNREACHABLE_CODE = YES;
				CLANG_WARN__DUPLICATE_METHOD_MATCH = YES;
				COPY_PHASE_STRIP = NO;
				DEBUG_INFORMATION_FORMAT = dwarf;
				ENABLE_STRICT_OBJC_MSGSEND = YES;
				ENABLE_TESTABILITY = YES;
				GCC_C_LANGUAGE_STANDARD = gnu11;
				GCC_DYNAMIC_NO_PIC = NO;
				GCC_NO_COMMON_BLOCKS = YES;
				GCC_OPTIMIZATION_LEVEL = 0;
				GCC_PREPROCESSOR_DEFINITIONS = (
					"DEBUG=1",
					"$(inherited)",
				);
				GCC_WARN_64_TO_32_BIT_CONVERSION = YES;
				GCC_WARN_ABOUT_RETURN_TYPE = YES_ERROR;
				GCC_WARN_UNDECLARED_SELECTOR = YES;
				GCC_WARN_UNINITIALIZED_AUTOS = YES_AGGRESSIVE;
				GCC_WARN_UNUSED_FUNCTION = YES;
				GCC_WARN_UNUSED_VARIABLE = YES;
				IPHONEOS_DEPLOYMENT_TARGET = 13.5;
				MTL_ENABLE_DEBUG_INFO = INCLUDE_SOURCE;
				MTL_FAST_MATH = YES;
				ONLY_ACTIVE_ARCH = YES;
				SDKROOT = iphoneos;
				SWIFT_ACTIVE_COMPILATION_CONDITIONS = DEBUG;
				SWIFT_OPTIMIZATION_LEVEL = "-Onone";
			};
			name = Debug;
		};
		17686192248F66700088A6E4 /* Release */ = {
			isa = XCBuildConfiguration;
			buildSettings = {
				ALWAYS_SEARCH_USER_PATHS = NO;
				CLANG_ANALYZER_NONNULL = YES;
				CLANG_ANALYZER_NUMBER_OBJECT_CONVERSION = YES_AGGRESSIVE;
				CLANG_CXX_LANGUAGE_STANDARD = "gnu++14";
				CLANG_CXX_LIBRARY = "libc++";
				CLANG_ENABLE_MODULES = YES;
				CLANG_ENABLE_OBJC_ARC = YES;
				CLANG_ENABLE_OBJC_WEAK = YES;
				CLANG_WARN_BLOCK_CAPTURE_AUTORELEASING = YES;
				CLANG_WARN_BOOL_CONVERSION = YES;
				CLANG_WARN_COMMA = YES;
				CLANG_WARN_CONSTANT_CONVERSION = YES;
				CLANG_WARN_DEPRECATED_OBJC_IMPLEMENTATIONS = YES;
				CLANG_WARN_DIRECT_OBJC_ISA_USAGE = YES_ERROR;
				CLANG_WARN_DOCUMENTATION_COMMENTS = YES;
				CLANG_WARN_EMPTY_BODY = YES;
				CLANG_WARN_ENUM_CONVERSION = YES;
				CLANG_WARN_INFINITE_RECURSION = YES;
				CLANG_WARN_INT_CONVERSION = YES;
				CLANG_WARN_NON_LITERAL_NULL_CONVERSION = YES;
				CLANG_WARN_OBJC_IMPLICIT_RETAIN_SELF = YES;
				CLANG_WARN_OBJC_LITERAL_CONVERSION = YES;
				CLANG_WARN_OBJC_ROOT_CLASS = YES_ERROR;
				CLANG_WARN_RANGE_LOOP_ANALYSIS = YES;
				CLANG_WARN_STRICT_PROTOTYPES = YES;
				CLANG_WARN_SUSPICIOUS_MOVE = YES;
				CLANG_WARN_UNGUARDED_AVAILABILITY = YES_AGGRESSIVE;
				CLANG_WARN_UNREACHABLE_CODE = YES;
				CLANG_WARN__DUPLICATE_METHOD_MATCH = YES;
				COPY_PHASE_STRIP = NO;
				DEBUG_INFORMATION_FORMAT = "dwarf-with-dsym";
				ENABLE_NS_ASSERTIONS = NO;
				ENABLE_STRICT_OBJC_MSGSEND = YES;
				GCC_C_LANGUAGE_STANDARD = gnu11;
				GCC_NO_COMMON_BLOCKS = YES;
				GCC_WARN_64_TO_32_BIT_CONVERSION = YES;
				GCC_WARN_ABOUT_RETURN_TYPE = YES_ERROR;
				GCC_WARN_UNDECLARED_SELECTOR = YES;
				GCC_WARN_UNINITIALIZED_AUTOS = YES_AGGRESSIVE;
				GCC_WARN_UNUSED_FUNCTION = YES;
				GCC_WARN_UNUSED_VARIABLE = YES;
				IPHONEOS_DEPLOYMENT_TARGET = 13.5;
				MTL_ENABLE_DEBUG_INFO = NO;
				MTL_FAST_MATH = YES;
				SDKROOT = iphoneos;
				SWIFT_COMPILATION_MODE = wholemodule;
				SWIFT_OPTIMIZATION_LEVEL = "-O";
				VALIDATE_PRODUCT = YES;
			};
			name = Release;
		};
		17686194248F66700088A6E4 /* Debug */ = {
			isa = XCBuildConfiguration;
			buildSettings = {
				ASSETCATALOG_COMPILER_APPICON_NAME = AppIcon;
				CODE_SIGN_STYLE = Automatic;
				DEVELOPMENT_ASSET_PATHS = "\"EmojiArt/Preview Content\"";
				DEVELOPMENT_TEAM = P8CC95REUG;
				ENABLE_PREVIEWS = YES;
				INFOPLIST_FILE = EmojiArt/Info.plist;
				LD_RUNPATH_SEARCH_PATHS = (
					"$(inherited)",
					"@executable_path/Frameworks",
				);
				PRODUCT_BUNDLE_IDENTIFIER = com.yourcompany.EmojiArt;
				PRODUCT_NAME = "Emoji Art";
				SWIFT_VERSION = 5.0;
				TARGETED_DEVICE_FAMILY = "1,2";
			};
			name = Debug;
		};
		17686195248F66700088A6E4 /* Release */ = {
			isa = XCBuildConfiguration;
			buildSettings = {
				ASSETCATALOG_COMPILER_APPICON_NAME = AppIcon;
				CODE_SIGN_STYLE = Automatic;
				DEVELOPMENT_ASSET_PATHS = "\"EmojiArt/Preview Content\"";
				DEVELOPMENT_TEAM = P8CC95REUG;
				ENABLE_PREVIEWS = YES;
				INFOPLIST_FILE = EmojiArt/Info.plist;
				LD_RUNPATH_SEARCH_PATHS = (
					"$(inherited)",
					"@executable_path/Frameworks",
				);
				PRODUCT_BUNDLE_IDENTIFIER = com.yourcompany.EmojiArt;
				PRODUCT_NAME = "Emoji Art";
				SWIFT_VERSION = 5.0;
				TARGETED_DEVICE_FAMILY = "1,2";
			};
			name = Release;
		};
/* End XCBuildConfiguration section */

/* Begin XCConfigurationList section */
		1768617A248F666C0088A6E4 /* Build configuration list for PBXProject "EmojiArt" */ = {
			isa = XCConfigurationList;
			buildConfigurations = (
				17686191248F66700088A6E4 /* Debug */,
				17686192248F66700088A6E4 /* Release */,
			);
			defaultConfigurationIsVisible = 0;
			defaultConfigurationName = Release;
		};
		17686193248F66700088A6E4 /* Build configuration list for PBXNativeTarget "EmojiArt" */ = {
			isa = XCConfigurationList;
			buildConfigurations = (
				17686194248F66700088A6E4 /* Debug */,
				17686195248F66700088A6E4 /* Release */,
			);
			defaultConfigurationIsVisible = 0;
			defaultConfigurationName = Release;
		};
/* End XCConfigurationList section */
	};
	rootObject = 17686177248F666C0088A6E4 /* Project object */;
}
